{
  "meteor": {},
  "dependencies": {
    "basePackages": {
      "pagination-mini": {},
      "accounts-ui-bootstrap-3": {}
    },
    "packages": {
      "pagination-mini": {
        "git": "https://github.com/huyinghuan/meteor-pagination-mini.git",
        "tag": "v0.0.2",
        "commit": "f07ab5ff58ae9d71ae4407cb3198d078a96750b0"
      },
      "accounts-ui-bootstrap-3": {
        "git": "https://github.com/mangasocial/meteor-accounts-ui-bootstrap-3.git",
        "tag": "v0.2.5",
        "commit": "91cd37a1320213dd209c3a668bf542eeb9c39a00"
      }
    }
  }
}
