{
  "meteor": {},
  "dependencies": {
    "basePackages": {
      "pagination-mini": {},
      "iron-router": {},
      "google-contacts": {}
    },
    "packages": {
      "pagination-mini": {
        "git": "https://github.com/huyinghuan/meteor-pagination-mini.git",
        "tag": "v0.0.2",
        "commit": "f07ab5ff58ae9d71ae4407cb3198d078a96750b0"
      },
      "iron-router": {
        "git": "https://github.com/EventedMind/iron-router.git",
        "tag": "v0.7.0",
        "commit": "05f34bc48c4cad9fdaa366c1ddcabe6980232ece"
      },
      "google-contacts": {
        "git": "https://github.com/iyou/Meteor-Google-Contacts.git",
        "tag": "v0.1.1",
        "commit": "21927ee0b427fa33beda25bdbda63f5725ab0efb"
      },
      "blaze-layout": {
        "git": "https://github.com/EventedMind/blaze-layout.git",
        "tag": "v0.2.2",
        "commit": "8bc53798fe5965669ae67c72f91829fcfdceabfd"
      }
    }
  }
}
